
Microsoft Visual Studio Solution File, Format Version 12.00
# Visual Studio Version 17
VisualStudioVersion = 17.3.32929.385
MinimumVisualStudioVersion = 10.0.40219.1
Project("{FAE04EC0-301F-11D3-BF4B-00C04F79EFBC}") = "PracticeClasses", "PracticeClasses.csproj", "{EA13CF39-CB0F-4AD1-9EBF-F7A0A58AC636}"
EndProject
Global
	GlobalSection(SolutionConfigurationPlatforms) = preSolution
		Debug|Any CPU = Debug|Any CPU
		Release|Any CPU = Release|Any CPU
	EndGlobalSection
	GlobalSection(ProjectConfigurationPlatforms) = postSolution
		{EA13CF39-CB0F-4AD1-9EBF-F7A0A58AC636}.Debug|Any CPU.ActiveCfg = Debug|Any CPU
		{EA13CF39-CB0F-4AD1-9EBF-F7A0A58AC636}.Debug|Any CPU.Build.0 = Debug|Any CPU
		{EA13CF39-CB0F-4AD1-9EBF-F7A0A58AC636}.Release|Any CPU.ActiveCfg = Release|Any CPU
		{EA13CF39-CB0F-4AD1-9EBF-F7A0A58AC636}.Release|Any CPU.Build.0 = Release|Any CPU
	EndGlobalSection
	GlobalSection(SolutionProperties) = preSolution
		HideSolutionNode = FALSE
	EndGlobalSection
	GlobalSection(ExtensibilityGlobals) = postSolution
		SolutionGuid = {E9E8427C-9237-4EAE-A2CF-653A153BBCA9}
	EndGlobalSection
EndGlobal
